
Microsoft Visual Studio Solution File, Format Version 12.00
# Visual Studio Version 17
VisualStudioVersion = 17.5.33516.290
MinimumVisualStudioVersion = 10.0.40219.1
Project("{9A19103F-16F7-4668-BE54-9A1E7A4F7556}") = "Data", "Data\Data.csproj", "{0C7CCE8E-5838-453C-9060-4D81669DBE83}"
EndProject
Project("{9A19103F-16F7-4668-BE54-9A1E7A4F7556}") = "Logic", "Logic\Logic.csproj", "{AF1E2711-1926-4E17-BEC5-D3ED2BDD2D19}"
EndProject
Project("{FAE04EC0-301F-11D3-BF4B-00C04F79EFBC}") = "DataTests2", "DataTests2\DataTests2.csproj", "{D4E66956-4CA0-4D8E-BECB-7BC57DC4A9B0}"
EndProject
Global
	GlobalSection(SolutionConfigurationPlatforms) = preSolution
		Debug|Any CPU = Debug|Any CPU
		Release|Any CPU = Release|Any CPU
	EndGlobalSection
	GlobalSection(ProjectConfigurationPlatforms) = postSolution
		{0C7CCE8E-5838-453C-9060-4D81669DBE83}.Debug|Any CPU.ActiveCfg = Debug|Any CPU
		{0C7CCE8E-5838-453C-9060-4D81669DBE83}.Debug|Any CPU.Build.0 = Debug|Any CPU
		{0C7CCE8E-5838-453C-9060-4D81669DBE83}.Release|Any CPU.ActiveCfg = Release|Any CPU
		{0C7CCE8E-5838-453C-9060-4D81669DBE83}.Release|Any CPU.Build.0 = Release|Any CPU
		{AF1E2711-1926-4E17-BEC5-D3ED2BDD2D19}.Debug|Any CPU.ActiveCfg = Debug|Any CPU
		{AF1E2711-1926-4E17-BEC5-D3ED2BDD2D19}.Debug|Any CPU.Build.0 = Debug|Any CPU
		{AF1E2711-1926-4E17-BEC5-D3ED2BDD2D19}.Release|Any CPU.ActiveCfg = Release|Any CPU
		{AF1E2711-1926-4E17-BEC5-D3ED2BDD2D19}.Release|Any CPU.Build.0 = Release|Any CPU
		{D4E66956-4CA0-4D8E-BECB-7BC57DC4A9B0}.Debug|Any CPU.ActiveCfg = Debug|Any CPU
		{D4E66956-4CA0-4D8E-BECB-7BC57DC4A9B0}.Debug|Any CPU.Build.0 = Debug|Any CPU
		{D4E66956-4CA0-4D8E-BECB-7BC57DC4A9B0}.Release|Any CPU.ActiveCfg = Release|Any CPU
		{D4E66956-4CA0-4D8E-BECB-7BC57DC4A9B0}.Release|Any CPU.Build.0 = Release|Any CPU
	EndGlobalSection
	GlobalSection(SolutionProperties) = preSolution
		HideSolutionNode = FALSE
	EndGlobalSection
	GlobalSection(ExtensibilityGlobals) = postSolution
		SolutionGuid = {0A089A0C-6E0F-4443-8C0F-E38E19A14AE7}
	EndGlobalSection
EndGlobal
