
Microsoft Visual Studio Solution File, Format Version 12.00
# Visual Studio Version 17
VisualStudioVersion = 17.5.33516.290
MinimumVisualStudioVersion = 10.0.40219.1
Project("{9A19103F-16F7-4668-BE54-9A1E7A4F7556}") = "Data", "Data\Data.csproj", "{68DC12EB-1660-43D9-8E9B-7316FE9B4B34}"
EndProject
Project("{9A19103F-16F7-4668-BE54-9A1E7A4F7556}") = "Logic", "Logic\Logic.csproj", "{4D131E83-6254-45CF-AACB-0D68E7270814}"
EndProject
Project("{9A19103F-16F7-4668-BE54-9A1E7A4F7556}") = "PresentationModel", "PresentationModel\PresentationModel.csproj", "{D44B48A6-5E61-4D14-886D-A6644D7E23F7}"
EndProject
Project("{9A19103F-16F7-4668-BE54-9A1E7A4F7556}") = "PresentationViewModel", "PresentationViewModel\PresentationViewModel.csproj", "{4495B6C1-0076-4278-B0E8-0A28DB4A3446}"
EndProject
Project("{FAE04EC0-301F-11D3-BF4B-00C04F79EFBC}") = "PresentationView", "PresentationView\PresentationView.csproj", "{925D738B-B9BD-4DB9-867D-B3C5F145D816}"
EndProject
Global
	GlobalSection(SolutionConfigurationPlatforms) = preSolution
		Debug|Any CPU = Debug|Any CPU
		Release|Any CPU = Release|Any CPU
	EndGlobalSection
	GlobalSection(ProjectConfigurationPlatforms) = postSolution
		{68DC12EB-1660-43D9-8E9B-7316FE9B4B34}.Debug|Any CPU.ActiveCfg = Debug|Any CPU
		{68DC12EB-1660-43D9-8E9B-7316FE9B4B34}.Debug|Any CPU.Build.0 = Debug|Any CPU
		{68DC12EB-1660-43D9-8E9B-7316FE9B4B34}.Release|Any CPU.ActiveCfg = Release|Any CPU
		{68DC12EB-1660-43D9-8E9B-7316FE9B4B34}.Release|Any CPU.Build.0 = Release|Any CPU
		{4D131E83-6254-45CF-AACB-0D68E7270814}.Debug|Any CPU.ActiveCfg = Debug|Any CPU
		{4D131E83-6254-45CF-AACB-0D68E7270814}.Debug|Any CPU.Build.0 = Debug|Any CPU
		{4D131E83-6254-45CF-AACB-0D68E7270814}.Release|Any CPU.ActiveCfg = Release|Any CPU
		{4D131E83-6254-45CF-AACB-0D68E7270814}.Release|Any CPU.Build.0 = Release|Any CPU
		{D44B48A6-5E61-4D14-886D-A6644D7E23F7}.Debug|Any CPU.ActiveCfg = Debug|Any CPU
		{D44B48A6-5E61-4D14-886D-A6644D7E23F7}.Debug|Any CPU.Build.0 = Debug|Any CPU
		{D44B48A6-5E61-4D14-886D-A6644D7E23F7}.Release|Any CPU.ActiveCfg = Release|Any CPU
		{D44B48A6-5E61-4D14-886D-A6644D7E23F7}.Release|Any CPU.Build.0 = Release|Any CPU
		{4495B6C1-0076-4278-B0E8-0A28DB4A3446}.Debug|Any CPU.ActiveCfg = Debug|Any CPU
		{4495B6C1-0076-4278-B0E8-0A28DB4A3446}.Debug|Any CPU.Build.0 = Debug|Any CPU
		{4495B6C1-0076-4278-B0E8-0A28DB4A3446}.Release|Any CPU.ActiveCfg = Release|Any CPU
		{4495B6C1-0076-4278-B0E8-0A28DB4A3446}.Release|Any CPU.Build.0 = Release|Any CPU
		{925D738B-B9BD-4DB9-867D-B3C5F145D816}.Debug|Any CPU.ActiveCfg = Debug|Any CPU
		{925D738B-B9BD-4DB9-867D-B3C5F145D816}.Debug|Any CPU.Build.0 = Debug|Any CPU
		{925D738B-B9BD-4DB9-867D-B3C5F145D816}.Release|Any CPU.ActiveCfg = Release|Any CPU
		{925D738B-B9BD-4DB9-867D-B3C5F145D816}.Release|Any CPU.Build.0 = Release|Any CPU
	EndGlobalSection
	GlobalSection(SolutionProperties) = preSolution
		HideSolutionNode = FALSE
	EndGlobalSection
	GlobalSection(ExtensibilityGlobals) = postSolution
		SolutionGuid = {DA3FAB7F-2532-409B-8B2B-E78A8503B0F8}
	EndGlobalSection
EndGlobal
